
Microsoft Visual Studio Solution File, Format Version 12.00
# Visual Studio Version 16
VisualStudioVersion = 16.0.29827.131
MinimumVisualStudioVersion = 10.0.40219.1
Project("{9A19103F-16F7-4668-BE54-9A1E7A4F7556}") = "Taxi.Common", "Taxi.Common\Taxi.Common.csproj", "{8A8A4601-97E4-4F5E-9470-1ECAD3165E5D}"
EndProject
Project("{9A19103F-16F7-4668-BE54-9A1E7A4F7556}") = "Taxi.Web", "Taxi.Web\Taxi.Web.csproj", "{BEAFAE12-FD59-45EB-A16D-756AC6C83D65}"
EndProject
Project("{FAE04EC0-301F-11D3-BF4B-00C04F79EFBC}") = "Taxi.Prism", "Taxi.Prism\Taxi.Prism\Taxi.Prism.csproj", "{E02DD27A-564C-4CDA-A4A0-1ED39F84FFDD}"
EndProject
Project("{FAE04EC0-301F-11D3-BF4B-00C04F79EFBC}") = "Taxi.Prism.Android", "Taxi.Prism\Taxi.Prism.Android\Taxi.Prism.Android.csproj", "{6738CD8A-5E99-4D23-AE4F-F529150F6FA1}"
EndProject
Project("{FAE04EC0-301F-11D3-BF4B-00C04F79EFBC}") = "Taxi.Prism.iOS", "Taxi.Prism\Taxi.Prism.iOS\Taxi.Prism.iOS.csproj", "{39503374-645A-4C8B-B088-309042C77BE3}"
EndProject
Global
	GlobalSection(SolutionConfigurationPlatforms) = preSolution
		Ad-Hoc|Any CPU = Ad-Hoc|Any CPU
		Ad-Hoc|iPhone = Ad-Hoc|iPhone
		Ad-Hoc|iPhoneSimulator = Ad-Hoc|iPhoneSimulator
		AppStore|Any CPU = AppStore|Any CPU
		AppStore|iPhone = AppStore|iPhone
		AppStore|iPhoneSimulator = AppStore|iPhoneSimulator
		Debug|Any CPU = Debug|Any CPU
		Debug|iPhone = Debug|iPhone
		Debug|iPhoneSimulator = Debug|iPhoneSimulator
		Release|Any CPU = Release|Any CPU
		Release|iPhone = Release|iPhone
		Release|iPhoneSimulator = Release|iPhoneSimulator
	EndGlobalSection
	GlobalSection(ProjectConfigurationPlatforms) = postSolution
		{8A8A4601-97E4-4F5E-9470-1ECAD3165E5D}.Ad-Hoc|Any CPU.ActiveCfg = Release|Any CPU
		{8A8A4601-97E4-4F5E-9470-1ECAD3165E5D}.Ad-Hoc|Any CPU.Build.0 = Release|Any CPU
		{8A8A4601-97E4-4F5E-9470-1ECAD3165E5D}.Ad-Hoc|iPhone.ActiveCfg = Release|Any CPU
		{8A8A4601-97E4-4F5E-9470-1ECAD3165E5D}.Ad-Hoc|iPhone.Build.0 = Release|Any CPU
		{8A8A4601-97E4-4F5E-9470-1ECAD3165E5D}.Ad-Hoc|iPhoneSimulator.ActiveCfg = Release|Any CPU
		{8A8A4601-97E4-4F5E-9470-1ECAD3165E5D}.Ad-Hoc|iPhoneSimulator.Build.0 = Release|Any CPU
		{8A8A4601-97E4-4F5E-9470-1ECAD3165E5D}.AppStore|Any CPU.ActiveCfg = Release|Any CPU
		{8A8A4601-97E4-4F5E-9470-1ECAD3165E5D}.AppStore|Any CPU.Build.0 = Release|Any CPU
		{8A8A4601-97E4-4F5E-9470-1ECAD3165E5D}.AppStore|iPhone.ActiveCfg = Release|Any CPU
		{8A8A4601-97E4-4F5E-9470-1ECAD3165E5D}.AppStore|iPhone.Build.0 = Release|Any CPU
		{8A8A4601-97E4-4F5E-9470-1ECAD3165E5D}.AppStore|iPhoneSimulator.ActiveCfg = Release|Any CPU
		{8A8A4601-97E4-4F5E-9470-1ECAD3165E5D}.AppStore|iPhoneSimulator.Build.0 = Release|Any CPU
		{8A8A4601-97E4-4F5E-9470-1ECAD3165E5D}.Debug|Any CPU.ActiveCfg = Debug|Any CPU
		{8A8A4601-97E4-4F5E-9470-1ECAD3165E5D}.Debug|Any CPU.Build.0 = Debug|Any CPU
		{8A8A4601-97E4-4F5E-9470-1ECAD3165E5D}.Debug|iPhone.ActiveCfg = Debug|Any CPU
		{8A8A4601-97E4-4F5E-9470-1ECAD3165E5D}.Debug|iPhone.Build.0 = Debug|Any CPU
		{8A8A4601-97E4-4F5E-9470-1ECAD3165E5D}.Debug|iPhoneSimulator.ActiveCfg = Debug|Any CPU
		{8A8A4601-97E4-4F5E-9470-1ECAD3165E5D}.Debug|iPhoneSimulator.Build.0 = Debug|Any CPU
		{8A8A4601-97E4-4F5E-9470-1ECAD3165E5D}.Release|Any CPU.ActiveCfg = Release|Any CPU
		{8A8A4601-97E4-4F5E-9470-1ECAD3165E5D}.Release|Any CPU.Build.0 = Release|Any CPU
		{8A8A4601-97E4-4F5E-9470-1ECAD3165E5D}.Release|iPhone.ActiveCfg = Release|Any CPU
		{8A8A4601-97E4-4F5E-9470-1ECAD3165E5D}.Release|iPhone.Build.0 = Release|Any CPU
		{8A8A4601-97E4-4F5E-9470-1ECAD3165E5D}.Release|iPhoneSimulator.ActiveCfg = Release|Any CPU
		{8A8A4601-97E4-4F5E-9470-1ECAD3165E5D}.Release|iPhoneSimulator.Build.0 = Release|Any CPU
		{BEAFAE12-FD59-45EB-A16D-756AC6C83D65}.Ad-Hoc|Any CPU.ActiveCfg = Release|Any CPU
		{BEAFAE12-FD59-45EB-A16D-756AC6C83D65}.Ad-Hoc|Any CPU.Build.0 = Release|Any CPU
		{BEAFAE12-FD59-45EB-A16D-756AC6C83D65}.Ad-Hoc|iPhone.ActiveCfg = Release|Any CPU
		{BEAFAE12-FD59-45EB-A16D-756AC6C83D65}.Ad-Hoc|iPhone.Build.0 = Release|Any CPU
		{BEAFAE12-FD59-45EB-A16D-756AC6C83D65}.Ad-Hoc|iPhoneSimulator.ActiveCfg = Release|Any CPU
		{BEAFAE12-FD59-45EB-A16D-756AC6C83D65}.Ad-Hoc|iPhoneSimulator.Build.0 = Release|Any CPU
		{BEAFAE12-FD59-45EB-A16D-756AC6C83D65}.AppStore|Any CPU.ActiveCfg = Release|Any CPU
		{BEAFAE12-FD59-45EB-A16D-756AC6C83D65}.AppStore|Any CPU.Build.0 = Release|Any CPU
		{BEAFAE12-FD59-45EB-A16D-756AC6C83D65}.AppStore|iPhone.ActiveCfg = Release|Any CPU
		{BEAFAE12-FD59-45EB-A16D-756AC6C83D65}.AppStore|iPhone.Build.0 = Release|Any CPU
		{BEAFAE12-FD59-45EB-A16D-756AC6C83D65}.AppStore|iPhoneSimulator.ActiveCfg = Release|Any CPU
		{BEAFAE12-FD59-45EB-A16D-756AC6C83D65}.AppStore|iPhoneSimulator.Build.0 = Release|Any CPU
		{BEAFAE12-FD59-45EB-A16D-756AC6C83D65}.Debug|Any CPU.ActiveCfg = Debug|Any CPU
		{BEAFAE12-FD59-45EB-A16D-756AC6C83D65}.Debug|Any CPU.Build.0 = Debug|Any CPU
		{BEAFAE12-FD59-45EB-A16D-756AC6C83D65}.Debug|iPhone.ActiveCfg = Debug|Any CPU
		{BEAFAE12-FD59-45EB-A16D-756AC6C83D65}.Debug|iPhone.Build.0 = Debug|Any CPU
		{BEAFAE12-FD59-45EB-A16D-756AC6C83D65}.Debug|iPhoneSimulator.ActiveCfg = Debug|Any CPU
		{BEAFAE12-FD59-45EB-A16D-756AC6C83D65}.Debug|iPhoneSimulator.Build.0 = Debug|Any CPU
		{BEAFAE12-FD59-45EB-A16D-756AC6C83D65}.Release|Any CPU.ActiveCfg = Release|Any CPU
		{BEAFAE12-FD59-45EB-A16D-756AC6C83D65}.Release|Any CPU.Build.0 = Release|Any CPU
		{BEAFAE12-FD59-45EB-A16D-756AC6C83D65}.Release|iPhone.ActiveCfg = Release|Any CPU
		{BEAFAE12-FD59-45EB-A16D-756AC6C83D65}.Release|iPhone.Build.0 = Release|Any CPU
		{BEAFAE12-FD59-45EB-A16D-756AC6C83D65}.Release|iPhoneSimulator.ActiveCfg = Release|Any CPU
		{BEAFAE12-FD59-45EB-A16D-756AC6C83D65}.Release|iPhoneSimulator.Build.0 = Release|Any CPU
		{E02DD27A-564C-4CDA-A4A0-1ED39F84FFDD}.Ad-Hoc|Any CPU.ActiveCfg = Debug|Any CPU
		{E02DD27A-564C-4CDA-A4A0-1ED39F84FFDD}.Ad-Hoc|Any CPU.Build.0 = Debug|Any CPU
		{E02DD27A-564C-4CDA-A4A0-1ED39F84FFDD}.Ad-Hoc|iPhone.ActiveCfg = Debug|Any CPU
		{E02DD27A-564C-4CDA-A4A0-1ED39F84FFDD}.Ad-Hoc|iPhone.Build.0 = Debug|Any CPU
		{E02DD27A-564C-4CDA-A4A0-1ED39F84FFDD}.Ad-Hoc|iPhoneSimulator.ActiveCfg = Debug|Any CPU
		{E02DD27A-564C-4CDA-A4A0-1ED39F84FFDD}.Ad-Hoc|iPhoneSimulator.Build.0 = Debug|Any CPU
		{E02DD27A-564C-4CDA-A4A0-1ED39F84FFDD}.AppStore|Any CPU.ActiveCfg = Debug|Any CPU
		{E02DD27A-564C-4CDA-A4A0-1ED39F84FFDD}.AppStore|Any CPU.Build.0 = Debug|Any CPU
		{E02DD27A-564C-4CDA-A4A0-1ED39F84FFDD}.AppStore|iPhone.ActiveCfg = Debug|Any CPU
		{E02DD27A-564C-4CDA-A4A0-1ED39F84FFDD}.AppStore|iPhone.Build.0 = Debug|Any CPU
		{E02DD27A-564C-4CDA-A4A0-1ED39F84FFDD}.AppStore|iPhoneSimulator.ActiveCfg = Debug|Any CPU
		{E02DD27A-564C-4CDA-A4A0-1ED39F84FFDD}.AppStore|iPhoneSimulator.Build.0 = Debug|Any CPU
		{E02DD27A-564C-4CDA-A4A0-1ED39F84FFDD}.Debug|Any CPU.ActiveCfg = Debug|Any CPU
		{E02DD27A-564C-4CDA-A4A0-1ED39F84FFDD}.Debug|Any CPU.Build.0 = Debug|Any CPU
		{E02DD27A-564C-4CDA-A4A0-1ED39F84FFDD}.Debug|iPhone.ActiveCfg = Debug|Any CPU
		{E02DD27A-564C-4CDA-A4A0-1ED39F84FFDD}.Debug|iPhone.Build.0 = Debug|Any CPU
		{E02DD27A-564C-4CDA-A4A0-1ED39F84FFDD}.Debug|iPhoneSimulator.ActiveCfg = Debug|Any CPU
		{E02DD27A-564C-4CDA-A4A0-1ED39F84FFDD}.Debug|iPhoneSimulator.Build.0 = Debug|Any CPU
		{E02DD27A-564C-4CDA-A4A0-1ED39F84FFDD}.Release|Any CPU.ActiveCfg = Release|Any CPU
		{E02DD27A-564C-4CDA-A4A0-1ED39F84FFDD}.Release|Any CPU.Build.0 = Release|Any CPU
		{E02DD27A-564C-4CDA-A4A0-1ED39F84FFDD}.Release|iPhone.ActiveCfg = Release|Any CPU
		{E02DD27A-564C-4CDA-A4A0-1ED39F84FFDD}.Release|iPhone.Build.0 = Release|Any CPU
		{E02DD27A-564C-4CDA-A4A0-1ED39F84FFDD}.Release|iPhoneSimulator.ActiveCfg = Release|Any CPU
		{E02DD27A-564C-4CDA-A4A0-1ED39F84FFDD}.Release|iPhoneSimulator.Build.0 = Release|Any CPU
		{6738CD8A-5E99-4D23-AE4F-F529150F6FA1}.Ad-Hoc|Any CPU.ActiveCfg = Release|Any CPU
		{6738CD8A-5E99-4D23-AE4F-F529150F6FA1}.Ad-Hoc|Any CPU.Build.0 = Release|Any CPU
		{6738CD8A-5E99-4D23-AE4F-F529150F6FA1}.Ad-Hoc|Any CPU.Deploy.0 = Release|Any CPU
		{6738CD8A-5E99-4D23-AE4F-F529150F6FA1}.Ad-Hoc|iPhone.ActiveCfg = Release|Any CPU
		{6738CD8A-5E99-4D23-AE4F-F529150F6FA1}.Ad-Hoc|iPhone.Build.0 = Release|Any CPU
		{6738CD8A-5E99-4D23-AE4F-F529150F6FA1}.Ad-Hoc|iPhone.Deploy.0 = Release|Any CPU
		{6738CD8A-5E99-4D23-AE4F-F529150F6FA1}.Ad-Hoc|iPhoneSimulator.ActiveCfg = Release|Any CPU
		{6738CD8A-5E99-4D23-AE4F-F529150F6FA1}.Ad-Hoc|iPhoneSimulator.Build.0 = Release|Any CPU
		{6738CD8A-5E99-4D23-AE4F-F529150F6FA1}.Ad-Hoc|iPhoneSimulator.Deploy.0 = Release|Any CPU
		{6738CD8A-5E99-4D23-AE4F-F529150F6FA1}.AppStore|Any CPU.ActiveCfg = Release|Any CPU
		{6738CD8A-5E99-4D23-AE4F-F529150F6FA1}.AppStore|Any CPU.Build.0 = Release|Any CPU
		{6738CD8A-5E99-4D23-AE4F-F529150F6FA1}.AppStore|Any CPU.Deploy.0 = Release|Any CPU
		{6738CD8A-5E99-4D23-AE4F-F529150F6FA1}.AppStore|iPhone.ActiveCfg = Release|Any CPU
		{6738CD8A-5E99-4D23-AE4F-F529150F6FA1}.AppStore|iPhone.Build.0 = Release|Any CPU
		{6738CD8A-5E99-4D23-AE4F-F529150F6FA1}.AppStore|iPhone.Deploy.0 = Release|Any CPU
		{6738CD8A-5E99-4D23-AE4F-F529150F6FA1}.AppStore|iPhoneSimulator.ActiveCfg = Release|Any CPU
		{6738CD8A-5E99-4D23-AE4F-F529150F6FA1}.AppStore|iPhoneSimulator.Build.0 = Release|Any CPU
		{6738CD8A-5E99-4D23-AE4F-F529150F6FA1}.AppStore|iPhoneSimulator.Deploy.0 = Release|Any CPU
		{6738CD8A-5E99-4D23-AE4F-F529150F6FA1}.Debug|Any CPU.ActiveCfg = Debug|Any CPU
		{6738CD8A-5E99-4D23-AE4F-F529150F6FA1}.Debug|Any CPU.Build.0 = Debug|Any CPU
		{6738CD8A-5E99-4D23-AE4F-F529150F6FA1}.Debug|Any CPU.Deploy.0 = Debug|Any CPU
		{6738CD8A-5E99-4D23-AE4F-F529150F6FA1}.Debug|iPhone.ActiveCfg = Debug|Any CPU
		{6738CD8A-5E99-4D23-AE4F-F529150F6FA1}.Debug|iPhone.Build.0 = Debug|Any CPU
		{6738CD8A-5E99-4D23-AE4F-F529150F6FA1}.Debug|iPhone.Deploy.0 = Debug|Any CPU
		{6738CD8A-5E99-4D23-AE4F-F529150F6FA1}.Debug|iPhoneSimulator.ActiveCfg = Debug|Any CPU
		{6738CD8A-5E99-4D23-AE4F-F529150F6FA1}.Debug|iPhoneSimulator.Build.0 = Debug|Any CPU
		{6738CD8A-5E99-4D23-AE4F-F529150F6FA1}.Debug|iPhoneSimulator.Deploy.0 = Debug|Any CPU
		{6738CD8A-5E99-4D23-AE4F-F529150F6FA1}.Release|Any CPU.ActiveCfg = Release|Any CPU
		{6738CD8A-5E99-4D23-AE4F-F529150F6FA1}.Release|Any CPU.Build.0 = Release|Any CPU
		{6738CD8A-5E99-4D23-AE4F-F529150F6FA1}.Release|Any CPU.Deploy.0 = Release|Any CPU
		{6738CD8A-5E99-4D23-AE4F-F529150F6FA1}.Release|iPhone.ActiveCfg = Release|Any CPU
		{6738CD8A-5E99-4D23-AE4F-F529150F6FA1}.Release|iPhone.Build.0 = Release|Any CPU
		{6738CD8A-5E99-4D23-AE4F-F529150F6FA1}.Release|iPhone.Deploy.0 = Release|Any CPU
		{6738CD8A-5E99-4D23-AE4F-F529150F6FA1}.Release|iPhoneSimulator.ActiveCfg = Release|Any CPU
		{6738CD8A-5E99-4D23-AE4F-F529150F6FA1}.Release|iPhoneSimulator.Build.0 = Release|Any CPU
		{6738CD8A-5E99-4D23-AE4F-F529150F6FA1}.Release|iPhoneSimulator.Deploy.0 = Release|Any CPU
		{39503374-645A-4C8B-B088-309042C77BE3}.Ad-Hoc|Any CPU.ActiveCfg = Ad-Hoc|iPhone
		{39503374-645A-4C8B-B088-309042C77BE3}.Ad-Hoc|iPhone.ActiveCfg = Ad-Hoc|iPhone
		{39503374-645A-4C8B-B088-309042C77BE3}.Ad-Hoc|iPhone.Build.0 = Ad-Hoc|iPhone
		{39503374-645A-4C8B-B088-309042C77BE3}.Ad-Hoc|iPhoneSimulator.ActiveCfg = Ad-Hoc|iPhoneSimulator
		{39503374-645A-4C8B-B088-309042C77BE3}.Ad-Hoc|iPhoneSimulator.Build.0 = Ad-Hoc|iPhoneSimulator
		{39503374-645A-4C8B-B088-309042C77BE3}.AppStore|Any CPU.ActiveCfg = AppStore|iPhone
		{39503374-645A-4C8B-B088-309042C77BE3}.AppStore|iPhone.ActiveCfg = AppStore|iPhone
		{39503374-645A-4C8B-B088-309042C77BE3}.AppStore|iPhone.Build.0 = AppStore|iPhone
		{39503374-645A-4C8B-B088-309042C77BE3}.AppStore|iPhoneSimulator.ActiveCfg = AppStore|iPhoneSimulator
		{39503374-645A-4C8B-B088-309042C77BE3}.AppStore|iPhoneSimulator.Build.0 = AppStore|iPhoneSimulator
		{39503374-645A-4C8B-B088-309042C77BE3}.Debug|Any CPU.ActiveCfg = Debug|iPhone
		{39503374-645A-4C8B-B088-309042C77BE3}.Debug|iPhone.ActiveCfg = Debug|iPhone
		{39503374-645A-4C8B-B088-309042C77BE3}.Debug|iPhone.Build.0 = Debug|iPhone
		{39503374-645A-4C8B-B088-309042C77BE3}.Debug|iPhoneSimulator.ActiveCfg = Debug|iPhoneSimulator
		{39503374-645A-4C8B-B088-309042C77BE3}.Debug|iPhoneSimulator.Build.0 = Debug|iPhoneSimulator
		{39503374-645A-4C8B-B088-309042C77BE3}.Release|Any CPU.ActiveCfg = Release|iPhone
		{39503374-645A-4C8B-B088-309042C77BE3}.Release|iPhone.ActiveCfg = Release|iPhone
		{39503374-645A-4C8B-B088-309042C77BE3}.Release|iPhone.Build.0 = Release|iPhone
		{39503374-645A-4C8B-B088-309042C77BE3}.Release|iPhoneSimulator.ActiveCfg = Release|iPhoneSimulator
		{39503374-645A-4C8B-B088-309042C77BE3}.Release|iPhoneSimulator.Build.0 = Release|iPhoneSimulator
	EndGlobalSection
	GlobalSection(SolutionProperties) = preSolution
		HideSolutionNode = FALSE
	EndGlobalSection
	GlobalSection(ExtensibilityGlobals) = postSolution
		SolutionGuid = {4BD4A025-B12B-417E-B277-A8FE4A199336}
	EndGlobalSection
EndGlobal
